
Microsoft Visual Studio Solution File, Format Version 12.00
# Visual Studio Version 17
VisualStudioVersion = 17.7.34031.279
MinimumVisualStudioVersion = 10.0.40219.1
Project("{FAE04EC0-301F-11D3-BF4B-00C04F79EFBC}") = "PwdChecker", "PwdChecker\PwdChecker.csproj", "{FA66EA8D-FCAE-4012-9193-F1FCDAF64407}"
EndProject
Global
	GlobalSection(SolutionConfigurationPlatforms) = preSolution
		Debug|Any CPU = Debug|Any CPU
		Release|Any CPU = Release|Any CPU
	EndGlobalSection
	GlobalSection(ProjectConfigurationPlatforms) = postSolution
		{FA66EA8D-FCAE-4012-9193-F1FCDAF64407}.Debug|Any CPU.ActiveCfg = Debug|Any CPU
		{FA66EA8D-FCAE-4012-9193-F1FCDAF64407}.Debug|Any CPU.Build.0 = Debug|Any CPU
		{FA66EA8D-FCAE-4012-9193-F1FCDAF64407}.Release|Any CPU.ActiveCfg = Release|Any CPU
		{FA66EA8D-FCAE-4012-9193-F1FCDAF64407}.Release|Any CPU.Build.0 = Release|Any CPU
	EndGlobalSection
	GlobalSection(SolutionProperties) = preSolution
		HideSolutionNode = FALSE
	EndGlobalSection
	GlobalSection(ExtensibilityGlobals) = postSolution
		SolutionGuid = {797D8C91-1285-409D-8630-AB92051F139E}
	EndGlobalSection
EndGlobal
